
Microsoft Visual Studio Solution File, Format Version 12.00
Project("{FAE04EC0-301F-11D3-BF4B-00C04F79EFBC}") = "ConsoleApp1", "ConsoleApp1\ConsoleApp1.csproj", "{420338C2-FE82-4DEE-8C73-94B5494F909C}"
EndProject
Global
	GlobalSection(SolutionConfigurationPlatforms) = preSolution
		Debug|Any CPU = Debug|Any CPU
		Release|Any CPU = Release|Any CPU
	EndGlobalSection
	GlobalSection(ProjectConfigurationPlatforms) = postSolution
		{420338C2-FE82-4DEE-8C73-94B5494F909C}.Debug|Any CPU.ActiveCfg = Debug|Any CPU
		{420338C2-FE82-4DEE-8C73-94B5494F909C}.Debug|Any CPU.Build.0 = Debug|Any CPU
		{420338C2-FE82-4DEE-8C73-94B5494F909C}.Release|Any CPU.ActiveCfg = Release|Any CPU
		{420338C2-FE82-4DEE-8C73-94B5494F909C}.Release|Any CPU.Build.0 = Release|Any CPU
	EndGlobalSection
EndGlobal
